
Microsoft Visual Studio Solution File, Format Version 12.00
# Visual Studio Version 17
VisualStudioVersion = 17.10.34928.147
MinimumVisualStudioVersion = 10.0.40219.1
Project("{2150E333-8FDC-42A3-9474-1A3956D46DE8}") = "Domain", "Domain", "{B9D67A8B-6B51-4653-8D69-85C07A02519B}"
EndProject
Project("{FAE04EC0-301F-11D3-BF4B-00C04F79EFBC}") = "pruebaBackend.Domain", "pruebaBackend.Domain\pruebaBackend.Domain.csproj", "{999212C0-02A8-4CBC-A5FE-71E9DD9F6ACF}"
EndProject
Project("{2150E333-8FDC-42A3-9474-1A3956D46DE8}") = "Infrastructure", "Infrastructure", "{310E0A9F-BE36-4BB4-82F0-82A220C42C42}"
EndProject
Project("{FAE04EC0-301F-11D3-BF4B-00C04F79EFBC}") = "pruebaBackend.Infrastructure", "pruebaBackend.Infrastructure\pruebaBackend.Infrastructure.csproj", "{B45381FA-698B-426F-90EB-D7AEA8BAA54D}"
EndProject
Project("{2150E333-8FDC-42A3-9474-1A3956D46DE8}") = "Application", "Application", "{06D7C13B-5EC1-43D3-9B69-79D6E42100A4}"
EndProject
Project("{FAE04EC0-301F-11D3-BF4B-00C04F79EFBC}") = "pruebaBackend.WebApi", "pruebaBackend.WebApi\pruebaBackend.WebApi.csproj", "{F936DD7F-1076-49C2-9D96-F926C9452675}"
EndProject
Global
	GlobalSection(SolutionConfigurationPlatforms) = preSolution
		Debug|Any CPU = Debug|Any CPU
		Release|Any CPU = Release|Any CPU
	EndGlobalSection
	GlobalSection(ProjectConfigurationPlatforms) = postSolution
		{999212C0-02A8-4CBC-A5FE-71E9DD9F6ACF}.Debug|Any CPU.ActiveCfg = Debug|Any CPU
		{999212C0-02A8-4CBC-A5FE-71E9DD9F6ACF}.Debug|Any CPU.Build.0 = Debug|Any CPU
		{999212C0-02A8-4CBC-A5FE-71E9DD9F6ACF}.Release|Any CPU.ActiveCfg = Release|Any CPU
		{999212C0-02A8-4CBC-A5FE-71E9DD9F6ACF}.Release|Any CPU.Build.0 = Release|Any CPU
		{B45381FA-698B-426F-90EB-D7AEA8BAA54D}.Debug|Any CPU.ActiveCfg = Debug|Any CPU
		{B45381FA-698B-426F-90EB-D7AEA8BAA54D}.Debug|Any CPU.Build.0 = Debug|Any CPU
		{B45381FA-698B-426F-90EB-D7AEA8BAA54D}.Release|Any CPU.ActiveCfg = Release|Any CPU
		{B45381FA-698B-426F-90EB-D7AEA8BAA54D}.Release|Any CPU.Build.0 = Release|Any CPU
		{F936DD7F-1076-49C2-9D96-F926C9452675}.Debug|Any CPU.ActiveCfg = Debug|Any CPU
		{F936DD7F-1076-49C2-9D96-F926C9452675}.Debug|Any CPU.Build.0 = Debug|Any CPU
		{F936DD7F-1076-49C2-9D96-F926C9452675}.Release|Any CPU.ActiveCfg = Release|Any CPU
		{F936DD7F-1076-49C2-9D96-F926C9452675}.Release|Any CPU.Build.0 = Release|Any CPU
	EndGlobalSection
	GlobalSection(SolutionProperties) = preSolution
		HideSolutionNode = FALSE
	EndGlobalSection
	GlobalSection(NestedProjects) = preSolution
		{999212C0-02A8-4CBC-A5FE-71E9DD9F6ACF} = {B9D67A8B-6B51-4653-8D69-85C07A02519B}
		{B45381FA-698B-426F-90EB-D7AEA8BAA54D} = {310E0A9F-BE36-4BB4-82F0-82A220C42C42}
		{F936DD7F-1076-49C2-9D96-F926C9452675} = {06D7C13B-5EC1-43D3-9B69-79D6E42100A4}
	EndGlobalSection
	GlobalSection(ExtensibilityGlobals) = postSolution
		SolutionGuid = {81AF82AB-89ED-41A3-BA1C-B399CCD1ACC7}
	EndGlobalSection
EndGlobal
